
Microsoft Visual Studio Solution File, Format Version 12.00
# Visual Studio Version 16
VisualStudioVersion = 16.0.30503.244
MinimumVisualStudioVersion = 10.0.40219.1
Project("{FAE04EC0-301F-11D3-BF4B-00C04F79EFBC}") = "ConsoleApp1", "ConsoleApp1\ConsoleApp1.csproj", "{FAC056CD-4677-4721-ABB4-3F42C6CD847D}"
EndProject
Global
	GlobalSection(SolutionConfigurationPlatforms) = preSolution
		Debug|Any CPU = Debug|Any CPU
		Release|Any CPU = Release|Any CPU
	EndGlobalSection
	GlobalSection(ProjectConfigurationPlatforms) = postSolution
		{FAC056CD-4677-4721-ABB4-3F42C6CD847D}.Debug|Any CPU.ActiveCfg = Debug|Any CPU
		{FAC056CD-4677-4721-ABB4-3F42C6CD847D}.Debug|Any CPU.Build.0 = Debug|Any CPU
		{FAC056CD-4677-4721-ABB4-3F42C6CD847D}.Release|Any CPU.ActiveCfg = Release|Any CPU
		{FAC056CD-4677-4721-ABB4-3F42C6CD847D}.Release|Any CPU.Build.0 = Release|Any CPU
	EndGlobalSection
	GlobalSection(SolutionProperties) = preSolution
		HideSolutionNode = FALSE
	EndGlobalSection
	GlobalSection(ExtensibilityGlobals) = postSolution
		SolutionGuid = {E38CDC9B-A85B-4F24-81F1-3B00AC7CC6DA}
	EndGlobalSection
EndGlobal
